
Microsoft Visual Studio Solution File, Format Version 12.00
# Visual Studio Version 17
VisualStudioVersion = 17.10.34607.79
MinimumVisualStudioVersion = 10.0.40219.1
Project("{9A19103F-16F7-4668-BE54-9A1E7A4F7556}") = "ConferenceAttendees.Api", "ConferenceAttendees.Api\ConferenceAttendees.Api.csproj", "{77CC596B-4B11-457F-AE1F-B146AC120193}"
EndProject
Project("{2150E333-8FDC-42A3-9474-1A3956D46DE8}") = "src", "src", "{EBAC8E19-9872-464D-BAA1-B7CA1152FB87}"
EndProject
Project("{2150E333-8FDC-42A3-9474-1A3956D46DE8}") = "conference-attendees-api", "conference-attendees-api", "{65763861-CBE7-4116-B1FB-B30B1EE597DF}"
EndProject
Project("{2150E333-8FDC-42A3-9474-1A3956D46DE8}") = "readme", "readme", "{4ADF9921-E53E-45F2-9EED-1E3E680686DE}"
	ProjectSection(SolutionItems) = preProject
		Readme.md = Readme.md
	EndProjectSection
EndProject
Project("{E53339B2-1760-4266-BCC7-CA923CBCF16C}") = "docker-compose", "docker-compose.dcproj", "{64E0EDEB-4867-4780-B805-ECBCE63A0A8E}"
EndProject
Project("{2150E333-8FDC-42A3-9474-1A3956D46DE8}") = "nginx", "nginx", "{2EF21C03-582C-417F-A8E1-225B4FC94A80}"
	ProjectSection(SolutionItems) = preProject
		Dockerfile = Dockerfile
		nginx.conf = nginx.conf
	EndProjectSection
EndProject
Global
	GlobalSection(SolutionConfigurationPlatforms) = preSolution
		Debug|Any CPU = Debug|Any CPU
		Release|Any CPU = Release|Any CPU
	EndGlobalSection
	GlobalSection(ProjectConfigurationPlatforms) = postSolution
		{77CC596B-4B11-457F-AE1F-B146AC120193}.Debug|Any CPU.ActiveCfg = Debug|Any CPU
		{77CC596B-4B11-457F-AE1F-B146AC120193}.Debug|Any CPU.Build.0 = Debug|Any CPU
		{77CC596B-4B11-457F-AE1F-B146AC120193}.Release|Any CPU.ActiveCfg = Release|Any CPU
		{77CC596B-4B11-457F-AE1F-B146AC120193}.Release|Any CPU.Build.0 = Release|Any CPU
		{64E0EDEB-4867-4780-B805-ECBCE63A0A8E}.Debug|Any CPU.ActiveCfg = Debug|Any CPU
		{64E0EDEB-4867-4780-B805-ECBCE63A0A8E}.Debug|Any CPU.Build.0 = Debug|Any CPU
		{64E0EDEB-4867-4780-B805-ECBCE63A0A8E}.Release|Any CPU.ActiveCfg = Release|Any CPU
		{64E0EDEB-4867-4780-B805-ECBCE63A0A8E}.Release|Any CPU.Build.0 = Release|Any CPU
	EndGlobalSection
	GlobalSection(SolutionProperties) = preSolution
		HideSolutionNode = FALSE
	EndGlobalSection
	GlobalSection(NestedProjects) = preSolution
		{77CC596B-4B11-457F-AE1F-B146AC120193} = {65763861-CBE7-4116-B1FB-B30B1EE597DF}
		{65763861-CBE7-4116-B1FB-B30B1EE597DF} = {EBAC8E19-9872-464D-BAA1-B7CA1152FB87}
	EndGlobalSection
	GlobalSection(ExtensibilityGlobals) = postSolution
		SolutionGuid = {A8BF711F-A73F-4D7C-B055-E7C438F70209}
	EndGlobalSection
EndGlobal
